// !$*UTF8*$!
{
	archiveVersion = 1;
	classes = {
	};
	objectVersion = 46;
	objects = {

/* Begin PBXBuildFile section */
		65097BE81DA3B2E0006CCC9D /* PidCameraOverlay.xib in Resources */ = {isa = PBXBuildFile; fileRef = 65097BE71DA3B2E0006CCC9D /* PidCameraOverlay.xib */; };
		65224CCD1DA2667100EDBDD6 /* AppDelegate.swift in Sources */ = {isa = PBXBuildFile; fileRef = 65224CCC1DA2667100EDBDD6 /* AppDelegate.swift */; };
		65224CCF1DA2667100EDBDD6 /* ViewController.swift in Sources */ = {isa = PBXBuildFile; fileRef = 65224CCE1DA2667100EDBDD6 /* ViewController.swift */; };
		65224CD21DA2667100EDBDD6 /* Main.storyboard in Resources */ = {isa = PBXBuildFile; fileRef = 65224CD01DA2667100EDBDD6 /* Main.storyboard */; };
		65224CD51DA2667100EDBDD6 /* takePhoto.xcdatamodeld in Sources */ = {isa = PBXBuildFile; fileRef = 65224CD31DA2667100EDBDD6 /* takePhoto.xcdatamodeld */; };
		65224CD71DA2667100EDBDD6 /* Assets.xcassets in Resources */ = {isa = PBXBuildFile; fileRef = 65224CD61DA2667100EDBDD6 /* Assets.xcassets */; };
		65224CDA1DA2667100EDBDD6 /* LaunchScreen.storyboard in Resources */ = {isa = PBXBuildFile; fileRef = 65224CD81DA2667100EDBDD6 /* LaunchScreen.storyboard */; };
		65E569D91DA5040700818680 /* UIImage+fixOrientation.swift in Sources */ = {isa = PBXBuildFile; fileRef = 65E569D81DA5040700818680 /* UIImage+fixOrientation.swift */; };
/* End PBXBuildFile section */

/* Begin PBXFileReference section */
		65097BE71DA3B2E0006CCC9D /* PidCameraOverlay.xib */ = {isa = PBXFileReference; fileEncoding = 4; lastKnownFileType = file.xib; path = PidCameraOverlay.xib; sourceTree = "<group>"; };
		65224CC91DA2667100EDBDD6 /* takePhoto.app */ = {isa = PBXFileReference; explicitFileType = wrapper.application; includeInIndex = 0; path = takePhoto.app; sourceTree = BUILT_PRODUCTS_DIR; };
		65224CCC1DA2667100EDBDD6 /* AppDelegate.swift */ = {isa = PBXFileReference; lastKnownFileType = sourcecode.swift; path = AppDelegate.swift; sourceTree = "<group>"; };
		65224CCE1DA2667100EDBDD6 /* ViewController.swift */ = {isa = PBXFileReference; lastKnownFileType = sourcecode.swift; path = ViewController.swift; sourceTree = "<group>"; };
		65224CD11DA2667100EDBDD6 /* Base */ = {isa = PBXFileReference; lastKnownFileType = file.storyboard; name = Base; path = Base.lproj/Main.storyboard; sourceTree = "<group>"; };
		65224CD41DA2667100EDBDD6 /* takePhoto.xcdatamodel */ = {isa = PBXFileReference; lastKnownFileType = wrapper.xcdatamodel; path = takePhoto.xcdatamodel; sourceTree = "<group>"; };
		65224CD61DA2667100EDBDD6 /* Assets.xcassets */ = {isa = PBXFileReference; lastKnownFileType = folder.assetcatalog; path = Assets.xcassets; sourceTree = "<group>"; };
		65224CD91DA2667100EDBDD6 /* Base */ = {isa = PBXFileReference; lastKnownFileType = file.storyboard; name = Base; path = Base.lproj/LaunchScreen.storyboard; sourceTree = "<group>"; };
		65224CDB1DA2667100EDBDD6 /* Info.plist */ = {isa = PBXFileReference; lastKnownFileType = text.plist.xml; path = Info.plist; sourceTree = "<group>"; };
		65E569D81DA5040700818680 /* UIImage+fixOrientation.swift */ = {isa = PBXFileReference; fileEncoding = 4; lastKnownFileType = sourcecode.swift; path = "UIImage+fixOrientation.swift"; sourceTree = "<group>"; };
/* End PBXFileReference section */

/* Begin PBXFrameworksBuildPhase section */
		65224CC61DA2667100EDBDD6 /* Frameworks */ = {
			isa = PBXFrameworksBuildPhase;
			buildActionMask = 2147483647;
			files = (
			);
			runOnlyForDeploymentPostprocessing = 0;
		};
/* End PBXFrameworksBuildPhase section */

/* Begin PBXGroup section */
		65224CC01DA2667100EDBDD6 = {
			isa = PBXGroup;
			children = (
				65224CCB1DA2667100EDBDD6 /* takePhoto */,
				65224CCA1DA2667100EDBDD6 /* Products */,
			);
			sourceTree = "<group>";
		};
		65224CCA1DA2667100EDBDD6 /* Products */ = {
			isa = PBXGroup;
			children = (
				65224CC91DA2667100EDBDD6 /* takePhoto.app */,
			);
			name = Products;
			sourceTree = "<group>";
		};
		65224CCB1DA2667100EDBDD6 /* takePhoto */ = {
			isa = PBXGroup;
			children = (
				65224CE11DA26ABA00EDBDD6 /* Camera */,
				65224CCC1DA2667100EDBDD6 /* AppDelegate.swift */,
				65224CCE1DA2667100EDBDD6 /* ViewController.swift */,
				65224CD01DA2667100EDBDD6 /* Main.storyboard */,
				65224CD61DA2667100EDBDD6 /* Assets.xcassets */,
				65224CD81DA2667100EDBDD6 /* LaunchScreen.storyboard */,
				65224CDB1DA2667100EDBDD6 /* Info.plist */,
				65224CD31DA2667100EDBDD6 /* takePhoto.xcdatamodeld */,
				65E569D81DA5040700818680 /* UIImage+fixOrientation.swift */,
			);
			path = takePhoto;
			sourceTree = "<group>";
		};
		65224CE11DA26ABA00EDBDD6 /* Camera */ = {
			isa = PBXGroup;
			children = (
				65097BE71DA3B2E0006CCC9D /* PidCameraOverlay.xib */,
			);
			path = Camera;
			sourceTree = "<group>";
		};
/* End PBXGroup section */

/* Begin PBXNativeTarget section */
		65224CC81DA2667100EDBDD6 /* takePhoto */ = {
			isa = PBXNativeTarget;
			buildConfigurationList = 65224CDE1DA2667100EDBDD6 /* Build configuration list for PBXNativeTarget "takePhoto" */;
			buildPhases = (
				65224CC51DA2667100EDBDD6 /* Sources */,
				65224CC61DA2667100EDBDD6 /* Frameworks */,
				65224CC71DA2667100EDBDD6 /* Resources */,
			);
			buildRules = (
			);
			dependencies = (
			);
			name = takePhoto;
			productName = takePhoto;
			productReference = 65224CC91DA2667100EDBDD6 /* takePhoto.app */;
			productType = "com.apple.product-type.application";
		};
/* End PBXNativeTarget section */

/* Begin PBXProject section */
		65224CC11DA2667100EDBDD6 /* Project object */ = {
			isa = PBXProject;
			attributes = {
				LastSwiftUpdateCheck = 0730;
				LastUpgradeCheck = 0730;
				ORGANIZATIONNAME = "Wasith Theerapattrathamrong";
				TargetAttributes = {
					65224CC81DA2667100EDBDD6 = {
						CreatedOnToolsVersion = 7.3.1;
					};
				};
			};
			buildConfigurationList = 65224CC41DA2667100EDBDD6 /* Build configuration list for PBXProject "takePhoto" */;
			compatibilityVersion = "Xcode 3.2";
			developmentRegion = English;
			hasScannedForEncodings = 0;
			knownRegions = (
				en,
				Base,
			);
			mainGroup = 65224CC01DA2667100EDBDD6;
			productRefGroup = 65224CCA1DA2667100EDBDD6 /* Products */;
			projectDirPath = "";
			projectRoot = "";
			targets = (
				65224CC81DA2667100EDBDD6 /* takePhoto */,
			);
		};
/* End PBXProject section */

/* Begin PBXResourcesBuildPhase section */
		65224CC71DA2667100EDBDD6 /* Resources */ = {
			isa = PBXResourcesBuildPhase;
			buildActionMask = 2147483647;
			files = (
				65224CDA1DA2667100EDBDD6 /* LaunchScreen.storyboard in Resources */,
				65097BE81DA3B2E0006CCC9D /* PidCameraOverlay.xib in Resources */,
				65224CD71DA2667100EDBDD6 /* Assets.xcassets in Resources */,
				65224CD21DA2667100EDBDD6 /* Main.storyboard in Resources */,
			);
			runOnlyForDeploymentPostprocessing = 0;
		};
/* End PBXResourcesBuildPhase section */

/* Begin PBXSourcesBuildPhase section */
		65224CC51DA2667100EDBDD6 /* Sources */ = {
			isa = PBXSourcesBuildPhase;
			buildActionMask = 2147483647;
			files = (
				65224CCF1DA2667100EDBDD6 /* ViewController.swift in Sources */,
				65224CD51DA2667100EDBDD6 /* takePhoto.xcdatamodeld in Sources */,
				65E569D91DA5040700818680 /* UIImage+fixOrientation.swift in Sources */,
				65224CCD1DA2667100EDBDD6 /* AppDelegate.swift in Sources */,
			);
			runOnlyForDeploymentPostprocessing = 0;
		};
/* End PBXSourcesBuildPhase section */

/* Begin PBXVariantGroup section */
		65224CD01DA2667100EDBDD6 /* Main.storyboard */ = {
			isa = PBXVariantGroup;
			children = (
				65224CD11DA2667100EDBDD6 /* Base */,
			);
			name = Main.storyboard;
			sourceTree = "<group>";
		};
		65224CD81DA2667100EDBDD6 /* LaunchScreen.storyboard */ = {
			isa = PBXVariantGroup;
			children = (
				65224CD91DA2667100EDBDD6 /* Base */,
			);
			name = LaunchScreen.storyboard;
			sourceTree = "<group>";
		};
/* End PBXVariantGroup section */

/* Begin XCBuildConfiguration section */
		65224CDC1DA2667100EDBDD6 /* Debug */ = {
			isa = XCBuildConfiguration;
			buildSettings = {
				ALWAYS_SEARCH_USER_PATHS = NO;
				CLANG_ANALYZER_NONNULL = YES;
				CLANG_CXX_LANGUAGE_STANDARD = "gnu++0x";
				CLANG_CXX_LIBRARY = "libc++";
				CLANG_ENABLE_MODULES = YES;
				CLANG_ENABLE_OBJC_ARC = YES;
				CLANG_WARN_BOOL_CONVERSION = YES;
				CLANG_WARN_CONSTANT_CONVERSION = YES;
				CLANG_WARN_DIRECT_OBJC_ISA_USAGE = YES_ERROR;
				CLANG_WARN_EMPTY_BODY = YES;
				CLANG_WARN_ENUM_CONVERSION = YES;
				CLANG_WARN_INT_CONVERSION = YES;
				CLANG_WARN_OBJC_ROOT_CLASS = YES_ERROR;
				CLANG_WARN_UNREACHABLE_CODE = YES;
				CLANG_WARN__DUPLICATE_METHOD_MATCH = YES;
				"CODE_SIGN_IDENTITY[sdk=iphoneos*]" = "iPhone Developer";
				COPY_PHASE_STRIP = NO;
				DEBUG_INFORMATION_FORMAT = dwarf;
				ENABLE_STRICT_OBJC_MSGSEND = YES;
				ENABLE_TESTABILITY = YES;
				GCC_C_LANGUAGE_STANDARD = gnu99;
				GCC_DYNAMIC_NO_PIC = NO;
				GCC_NO_COMMON_BLOCKS = YES;
				GCC_OPTIMIZATION_LEVEL = 0;
				GCC_PREPROCESSOR_DEFINITIONS = (
					"DEBUG=1",
					"$(inherited)",
				);
				GCC_WARN_64_TO_32_BIT_CONVERSION = YES;
				GCC_WARN_ABOUT_RETURN_TYPE = YES_ERROR;
				GCC_WARN_UNDECLARED_SELECTOR = YES;
				GCC_WARN_UNINITIALIZED_AUTOS = YES_AGGRESSIVE;
				GCC_WARN_UNUSED_FUNCTION = YES;
				GCC_WARN_UNUSED_VARIABLE = YES;
				IPHONEOS_DEPLOYMENT_TARGET = 9.3;
				MTL_ENABLE_DEBUG_INFO = YES;
				ONLY_ACTIVE_ARCH = YES;
				SDKROOT = iphoneos;
				SWIFT_OPTIMIZATION_LEVEL = "-Onone";
				TARGETED_DEVICE_FAMILY = "1,2";
			};
			name = Debug;
		};
		65224CDD1DA2667100EDBDD6 /* Release */ = {
			isa = XCBuildConfiguration;
			buildSettings = {
				ALWAYS_SEARCH_USER_PATHS = NO;
				CLANG_ANALYZER_NONNULL = YES;
				CLANG_CXX_LANGUAGE_STANDARD = "gnu++0x";
				CLANG_CXX_LIBRARY = "libc++";
				CLANG_ENABLE_MODULES = YES;
				CLANG_ENABLE_OBJC_ARC = YES;
				CLANG_WARN_BOOL_CONVERSION = YES;
				CLANG_WARN_CONSTANT_CONVERSION = YES;
				CLANG_WARN_DIRECT_OBJC_ISA_USAGE = YES_ERROR;
				CLANG_WARN_EMPTY_BODY = YES;
				CLANG_WARN_ENUM_CONVERSION = YES;
				CLANG_WARN_INT_CONVERSION = YES;
				CLANG_WARN_OBJC_ROOT_CLASS = YES_ERROR;
				CLANG_WARN_UNREACHABLE_CODE = YES;
				CLANG_WARN__DUPLICATE_METHOD_MATCH = YES;
				"CODE_SIGN_IDENTITY[sdk=iphoneos*]" = "iPhone Developer";
				COPY_PHASE_STRIP = NO;
				DEBUG_INFORMATION_FORMAT = "dwarf-with-dsym";
				ENABLE_NS_ASSERTIONS = NO;
				ENABLE_STRICT_OBJC_MSGSEND = YES;
				GCC_C_LANGUAGE_STANDARD = gnu99;
				GCC_NO_COMMON_BLOCKS = YES;
				GCC_WARN_64_TO_32_BIT_CONVERSION = YES;
				GCC_WARN_ABOUT_RETURN_TYPE = YES_ERROR;
				GCC_WARN_UNDECLARED_SELECTOR = YES;
				GCC_WARN_UNINITIALIZED_AUTOS = YES_AGGRESSIVE;
				GCC_WARN_UNUSED_FUNCTION = YES;
				GCC_WARN_UNUSED_VARIABLE = YES;
				IPHONEOS_DEPLOYMENT_TARGET = 9.3;
				MTL_ENABLE_DEBUG_INFO = NO;
				SDKROOT = iphoneos;
				TARGETED_DEVICE_FAMILY = "1,2";
				VALIDATE_PRODUCT = YES;
			};
			name = Release;
		};
		65224CDF1DA2667100EDBDD6 /* Debug */ = {
			isa = XCBuildConfiguration;
			buildSettings = {
				ASSETCATALOG_COMPILER_APPICON_NAME = AppIcon;
				INFOPLIST_FILE = takePhoto/Info.plist;
				IPHONEOS_DEPLOYMENT_TARGET = 8.0;
				LD_RUNPATH_SEARCH_PATHS = "$(inherited) @executable_path/Frameworks";
				PRODUCT_BUNDLE_IDENTIFIER = com.silom313.takePhoto;
				PRODUCT_NAME = "$(TARGET_NAME)";
			};
			name = Debug;
		};
		65224CE01DA2667100EDBDD6 /* Release */ = {
			isa = XCBuildConfiguration;
			buildSettings = {
				ASSETCATALOG_COMPILER_APPICON_NAME = AppIcon;
				INFOPLIST_FILE = takePhoto/Info.plist;
				IPHONEOS_DEPLOYMENT_TARGET = 8.0;
				LD_RUNPATH_SEARCH_PATHS = "$(inherited) @executable_path/Frameworks";
				PRODUCT_BUNDLE_IDENTIFIER = com.silom313.takePhoto;
				PRODUCT_NAME = "$(TARGET_NAME)";
			};
			name = Release;
		};
/* End XCBuildConfiguration section */

/* Begin XCConfigurationList section */
		65224CC41DA2667100EDBDD6 /* Build configuration list for PBXProject "takePhoto" */ = {
			isa = XCConfigurationList;
			buildConfigurations = (
				65224CDC1DA2667100EDBDD6 /* Debug */,
				65224CDD1DA2667100EDBDD6 /* Release */,
			);
			defaultConfigurationIsVisible = 0;
			defaultConfigurationName = Release;
		};
		65224CDE1DA2667100EDBDD6 /* Build configuration list for PBXNativeTarget "takePhoto" */ = {
			isa = XCConfigurationList;
			buildConfigurations = (
				65224CDF1DA2667100EDBDD6 /* Debug */,
				65224CE01DA2667100EDBDD6 /* Release */,
			);
			defaultConfigurationIsVisible = 0;
			defaultConfigurationName = Release;
		};
/* End XCConfigurationList section */

/* Begin XCVersionGroup section */
		65224CD31DA2667100EDBDD6 /* takePhoto.xcdatamodeld */ = {
			isa = XCVersionGroup;
			children = (
				65224CD41DA2667100EDBDD6 /* takePhoto.xcdatamodel */,
			);
			currentVersion = 65224CD41DA2667100EDBDD6 /* takePhoto.xcdatamodel */;
			path = takePhoto.xcdatamodeld;
			sourceTree = "<group>";
			versionGroupType = wrapper.xcdatamodel;
		};
/* End XCVersionGroup section */
	};
	rootObject = 65224CC11DA2667100EDBDD6 /* Project object */;
}
